
Microsoft Visual Studio Solution File, Format Version 12.00
# Visual Studio 15
VisualStudioVersion = 15.0.28307.1300
MinimumVisualStudioVersion = 10.0.40219.1
Project("{FAE04EC0-301F-11D3-BF4B-00C04F79EFBC}") = "hyCode.ws", "hyCode.ws\hyCode.ws.csproj", "{1E332401-90BA-4F28-A307-9D43628FA80C}"
EndProject
Project("{FAE04EC0-301F-11D3-BF4B-00C04F79EFBC}") = "frmSM4Util", "frmSM4Util\frmSM4Util.csproj", "{E7876B3B-966E-4D8B-9462-93914DF4F9E4}"
EndProject
Global
	GlobalSection(SolutionConfigurationPlatforms) = preSolution
		Debug|Any CPU = Debug|Any CPU
		Release|Any CPU = Release|Any CPU
	EndGlobalSection
	GlobalSection(ProjectConfigurationPlatforms) = postSolution
		{1E332401-90BA-4F28-A307-9D43628FA80C}.Debug|Any CPU.ActiveCfg = Debug|Any CPU
		{1E332401-90BA-4F28-A307-9D43628FA80C}.Debug|Any CPU.Build.0 = Debug|Any CPU
		{1E332401-90BA-4F28-A307-9D43628FA80C}.Release|Any CPU.ActiveCfg = Release|Any CPU
		{1E332401-90BA-4F28-A307-9D43628FA80C}.Release|Any CPU.Build.0 = Release|Any CPU
		{E7876B3B-966E-4D8B-9462-93914DF4F9E4}.Debug|Any CPU.ActiveCfg = Debug|Any CPU
		{E7876B3B-966E-4D8B-9462-93914DF4F9E4}.Debug|Any CPU.Build.0 = Debug|Any CPU
		{E7876B3B-966E-4D8B-9462-93914DF4F9E4}.Release|Any CPU.ActiveCfg = Release|Any CPU
		{E7876B3B-966E-4D8B-9462-93914DF4F9E4}.Release|Any CPU.Build.0 = Release|Any CPU
	EndGlobalSection
	GlobalSection(SolutionProperties) = preSolution
		HideSolutionNode = FALSE
	EndGlobalSection
	GlobalSection(ExtensibilityGlobals) = postSolution
		SolutionGuid = {F175F4F9-4054-4841-A148-B972E5B24A91}
	EndGlobalSection
EndGlobal
